
Microsoft Visual Studio Solution File, Format Version 12.00
# Visual Studio 2012
Project("{FAE04EC0-301F-11D3-BF4B-00C04F79EFBC}") = "MobilePay", "MobilePay\MobilePay.csproj", "{C62B42D7-BCE5-4F35-BA56-019924BC9D57}"
EndProject
Project("{FAE04EC0-301F-11D3-BF4B-00C04F79EFBC}") = "MobilePayTest", "MobilePayTest\MobilePayTest.csproj", "{07A24839-BD9E-4D08-8DA1-4F601A75ECFB}"
EndProject
Global
	GlobalSection(SolutionConfigurationPlatforms) = preSolution
		Debug|Any CPU = Debug|Any CPU
		Release|Any CPU = Release|Any CPU
	EndGlobalSection
	GlobalSection(ProjectConfigurationPlatforms) = postSolution
		{C62B42D7-BCE5-4F35-BA56-019924BC9D57}.Debug|Any CPU.ActiveCfg = Debug|Any CPU
		{C62B42D7-BCE5-4F35-BA56-019924BC9D57}.Debug|Any CPU.Build.0 = Debug|Any CPU
		{C62B42D7-BCE5-4F35-BA56-019924BC9D57}.Release|Any CPU.ActiveCfg = Release|Any CPU
		{C62B42D7-BCE5-4F35-BA56-019924BC9D57}.Release|Any CPU.Build.0 = Release|Any CPU
		{07A24839-BD9E-4D08-8DA1-4F601A75ECFB}.Debug|Any CPU.ActiveCfg = Debug|Any CPU
		{07A24839-BD9E-4D08-8DA1-4F601A75ECFB}.Debug|Any CPU.Build.0 = Debug|Any CPU
		{07A24839-BD9E-4D08-8DA1-4F601A75ECFB}.Release|Any CPU.ActiveCfg = Release|Any CPU
		{07A24839-BD9E-4D08-8DA1-4F601A75ECFB}.Release|Any CPU.Build.0 = Release|Any CPU
	EndGlobalSection
	GlobalSection(SolutionProperties) = preSolution
		HideSolutionNode = FALSE
	EndGlobalSection
EndGlobal
